
Microsoft Visual Studio Solution File, Format Version 12.00
# Visual Studio Version 17
VisualStudioVersion = 17.5.33516.290
MinimumVisualStudioVersion = 10.0.40219.1
Project("{8BC9CEB8-8B4A-11D0-8D11-00A0C91BC942}") = "进存销系统", "进存销系统\进存销系统.vcxproj", "{CECBA83D-1FFE-4479-BF6A-BD928D6562AF}"
EndProject
Project("{54435603-DBB4-11D2-8724-00A0C9A8B90C}") = "进存销系统可执行文件", "..\进存销系统可执行文件\进存销系统可执行文件.vdproj", "{9FAF0FDC-60F6-4E55-A11F-2A1C821389B1}"
EndProject
Global
	GlobalSection(SolutionConfigurationPlatforms) = preSolution
		Debug|x64 = Debug|x64
		Debug|x86 = Debug|x86
		Release|x64 = Release|x64
		Release|x86 = Release|x86
	EndGlobalSection
	GlobalSection(ProjectConfigurationPlatforms) = postSolution
		{CECBA83D-1FFE-4479-BF6A-BD928D6562AF}.Debug|x64.ActiveCfg = Debug|x64
		{CECBA83D-1FFE-4479-BF6A-BD928D6562AF}.Debug|x64.Build.0 = Debug|x64
		{CECBA83D-1FFE-4479-BF6A-BD928D6562AF}.Debug|x86.ActiveCfg = Debug|Win32
		{CECBA83D-1FFE-4479-BF6A-BD928D6562AF}.Debug|x86.Build.0 = Debug|Win32
		{CECBA83D-1FFE-4479-BF6A-BD928D6562AF}.Release|x64.ActiveCfg = Debug|x64
		{CECBA83D-1FFE-4479-BF6A-BD928D6562AF}.Release|x64.Build.0 = Debug|x64
		{CECBA83D-1FFE-4479-BF6A-BD928D6562AF}.Release|x86.ActiveCfg = Release|Win32
		{CECBA83D-1FFE-4479-BF6A-BD928D6562AF}.Release|x86.Build.0 = Release|Win32
		{9FAF0FDC-60F6-4E55-A11F-2A1C821389B1}.Debug|x64.ActiveCfg = Debug
		{9FAF0FDC-60F6-4E55-A11F-2A1C821389B1}.Debug|x86.ActiveCfg = Debug
		{9FAF0FDC-60F6-4E55-A11F-2A1C821389B1}.Release|x64.ActiveCfg = Release
		{9FAF0FDC-60F6-4E55-A11F-2A1C821389B1}.Release|x86.ActiveCfg = Release
	EndGlobalSection
	GlobalSection(SolutionProperties) = preSolution
		HideSolutionNode = FALSE
	EndGlobalSection
	GlobalSection(ExtensibilityGlobals) = postSolution
		SolutionGuid = {85144379-BD90-40DE-BD95-C554D5C421E7}
	EndGlobalSection
EndGlobal
